{
  "name": "scriptable-scripts",
  "version": "1.0.0",
  "lockfileVersion": 1,
  "requires": true,
  "dependencies": {
    "@types/scriptable-ios": {
      "version": "1.6.1",
      "resolved": "https://registry.nlark.com/@types/scriptable-ios/download/@types/scriptable-ios-1.6.1.tgz",
      "integrity": "sha1-RHZrR6DAyfkqPBv0YhQojPPZJvQ=",
      "dev": true
    },
    "fsevents": {
      "version": "2.3.2",
      "resolved": "https://registry.npm.taobao.org/fsevents/download/fsevents-2.3.2.tgz?cache=0&sync_timestamp=1612537044236&other_urls=https%3A%2F%2Fregistry.npm.taobao.org%2Ffsevents%2Fdownload%2Ffsevents-2.3.2.tgz",
      "integrity": "sha1-ilJveLj99GI7cJ4Ll1xSwkwC/Ro=",
      "dev": true,
      "optional": true
    },
    "mime": {
      "version": "2.5.2",
      "resolved": "https://registry.npm.taobao.org/mime/download/mime-2.5.2.tgz?cache=0&sync_timestamp=1613584754851&other_urls=https%3A%2F%2Fregistry.npm.taobao.org%2Fmime%2Fdownload%2Fmime-2.5.2.tgz",
      "integrity": "sha1-bj3GzCuVEGQ4MOXxnVy3U9pe6r4=",
      "dev": true
    },
    "opener": {
      "version": "1.5.2",
      "resolved": "https://registry.npm.taobao.org/opener/download/opener-1.5.2.tgz",
      "integrity": "sha1-XTfh81B3udysQwE3InGv3rKhNZg=",
      "dev": true
    },
    "rollup": {
      "version": "2.45.2",
      "resolved": "https://registry.npm.taobao.org/rollup/download/rollup-2.45.2.tgz",
      "integrity": "sha1-j7hZF8nzVgVyDpIyjzzL+6b3i0g=",
      "dev": true,
      "requires": {
        "fsevents": "~2.3.1"
      }
    },
    "rollup-plugin-serve": {
      "version": "1.1.0",
      "resolved": "https://registry.npm.taobao.org/rollup-plugin-serve/download/rollup-plugin-serve-1.1.0.tgz",
      "integrity": "sha1-BlSlcCGiG5AzQMaZQPdGNwboKI0=",
      "dev": true,
      "requires": {
        "mime": ">=2.4.6",
        "opener": "1"
      }
    }
  }
}
